Microsoft Visual Studio Solution File, Format Version 11.00
# Visual Studio 2008

Project("{797A8EC0-4E96-08DF-2363-08D46549D378}") = "Camera Test", "Assembly-CSharp.csproj", "{0323AC0F-C025-79F9-24AD-5226B359EE43}"
EndProject
Project("{797A8EC0-4E96-08DF-2363-08D46549D378}") = "Camera Test", "Assembly-CSharp-Editor.csproj", "{732BED12-5412-CA63-2349-1584A7B180F3}"
EndProject
Global
	GlobalSection(SolutionConfigurationPlatforms) = preSolution
		Debug|Any CPU = Debug|Any CPU
		Release|Any CPU = Release|Any CPU
	EndGlobalSection
	GlobalSection(ProjectConfigurationPlatforms) = postSolution
		{0323AC0F-C025-79F9-24AD-5226B359EE43}.Debug|Any CPU.ActiveCfg = Debug|Any CPU
		{0323AC0F-C025-79F9-24AD-5226B359EE43}.Debug|Any CPU.Build.0 = Debug|Any CPU
		{0323AC0F-C025-79F9-24AD-5226B359EE43}.Release|Any CPU.ActiveCfg = Release|Any CPU
		{0323AC0F-C025-79F9-24AD-5226B359EE43}.Release|Any CPU.Build.0 = Release|Any CPU
		{732BED12-5412-CA63-2349-1584A7B180F3}.Debug|Any CPU.ActiveCfg = Debug|Any CPU
		{732BED12-5412-CA63-2349-1584A7B180F3}.Debug|Any CPU.Build.0 = Debug|Any CPU
		{732BED12-5412-CA63-2349-1584A7B180F3}.Release|Any CPU.ActiveCfg = Release|Any CPU
		{732BED12-5412-CA63-2349-1584A7B180F3}.Release|Any CPU.Build.0 = Release|Any CPU
	EndGlobalSection
	GlobalSection(SolutionProperties) = preSolution
		HideSolutionNode = FALSE
	EndGlobalSection
	GlobalSection(MonoDevelopProperties) = preSolution
		StartupItem = Assembly-CSharp.csproj
	EndGlobalSection
EndGlobal
